
Microsoft Visual Studio Solution File, Format Version 12.00
# Visual Studio Version 17
VisualStudioVersion = 17.5.002.0
MinimumVisualStudioVersion = 10.0.40219.1
Project("{9A19103F-16F7-4668-BE54-9A1E7A4F7556}") = "firstApp", "firstApp.csproj", "{CD4EB7D5-2040-420A-8A64-D9C795E1C678}"
EndProject
Global
	GlobalSection(SolutionConfigurationPlatforms) = preSolution
		Debug|Any CPU = Debug|Any CPU
		Release|Any CPU = Release|Any CPU
	EndGlobalSection
	GlobalSection(ProjectConfigurationPlatforms) = postSolution
		{CD4EB7D5-2040-420A-8A64-D9C795E1C678}.Debug|Any CPU.ActiveCfg = Debug|Any CPU
		{CD4EB7D5-2040-420A-8A64-D9C795E1C678}.Debug|Any CPU.Build.0 = Debug|Any CPU
		{CD4EB7D5-2040-420A-8A64-D9C795E1C678}.Release|Any CPU.ActiveCfg = Release|Any CPU
		{CD4EB7D5-2040-420A-8A64-D9C795E1C678}.Release|Any CPU.Build.0 = Release|Any CPU
	EndGlobalSection
	GlobalSection(SolutionProperties) = preSolution
		HideSolutionNode = FALSE
	EndGlobalSection
	GlobalSection(ExtensibilityGlobals) = postSolution
		SolutionGuid = {B7A306F0-573D-4FC4-8189-AA5D04B8E50C}
	EndGlobalSection
EndGlobal
